
Microsoft Visual Studio Solution File, Format Version 12.00
# Visual Studio Version 17
VisualStudioVersion = 17.5.002.0
MinimumVisualStudioVersion = 10.0.40219.1
Project("{9A19103F-16F7-4668-BE54-9A1E7A4F7556}") = "rinha-dotnet6", "rinha-dotnet6\rinha-dotnet6.csproj", "{366109A7-E288-4490-85C8-81B03DC1302F}"
EndProject
Global
	GlobalSection(SolutionConfigurationPlatforms) = preSolution
		Debug|Any CPU = Debug|Any CPU
		Release|Any CPU = Release|Any CPU
	EndGlobalSection
	GlobalSection(ProjectConfigurationPlatforms) = postSolution
		{366109A7-E288-4490-85C8-81B03DC1302F}.Debug|Any CPU.ActiveCfg = Debug|Any CPU
		{366109A7-E288-4490-85C8-81B03DC1302F}.Debug|Any CPU.Build.0 = Debug|Any CPU
		{366109A7-E288-4490-85C8-81B03DC1302F}.Release|Any CPU.ActiveCfg = Release|Any CPU
		{366109A7-E288-4490-85C8-81B03DC1302F}.Release|Any CPU.Build.0 = Release|Any CPU
	EndGlobalSection
	GlobalSection(SolutionProperties) = preSolution
		HideSolutionNode = FALSE
	EndGlobalSection
	GlobalSection(ExtensibilityGlobals) = postSolution
		SolutionGuid = {D1D23DCE-D993-4E19-998E-B053800329EF}
	EndGlobalSection
EndGlobal
